{
  "name": "netlens-pro",
  "version": "2.0.0",
  "lockfileVersion": 3,
  "requires": true,
  "packages": {
    "": {
      "name": "netlens-pro",
      "version": "2.0.0",
      "dependencies": {
        "chart.js": "^4.4.1",
        "vis-network": "^9.1.9"
      },
      "devDependencies": {
        "prettier": "^3.2.5"
      }
    },
    "node_modules/@kurkle/color": {
      "version": "0.3.2",
      "resolved": "https://registry.npmjs.org/@kurkle/color/-/color-0.3.2.tgz",
      "integrity": "sha512-nGTrwGXUWo5JmB48W44v+58gfdWbQHWL8zpHXjKBQPklVJM9bcek91KhDO52M9rzcCup5efWRAHE84pc17v5Kg=="
    },
    "node_modules/chart.js": {
      "version": "4.4.1",
      "resolved": "https://registry.npmjs.org/chart.js/-/chart.js-4.4.1.tgz",
      "integrity": "sha512-16KavwtCh/WNPNdwoNpdhA5fDLcUC4pZd6d0v3n4M90L5uC+lK62R5l55Zt1h50xR/m138S822f3d6l31f1qA==",
      "dependencies": {
        "@kurkle/color": "^0.3.2"
      },
      "engines": {
        "pnpm": ">=8"
      }
    },
    "node_modules/prettier": {
      "version": "3.2.5",
      "resolved": "https://registry.npmjs.org/prettier/-/prettier-3.2.5.tgz",
      "integrity": "sha512-VAxawWr52Mh3YoiE2fvhr0g+tZ329t2f5343g2+b60/32822d308000/220202===",
      "bin": {
        "prettier": "bin/prettier.cjs"
      },
      "engines": {
        "node": ">=14"
      }
    },
    "node_modules/vis-network": {
      "version": "9.1.9",
      "resolved": "https://registry.npmjs.org/vis-network/-/vis-network-9.1.9.tgz",
      "integrity": "sha512-16KavwtCh/WNPNdwoNpdhA5fDLcUC4pZd6d0v3n4M90L5uC+lK62R5l55Zt1h50xR/m138S822f3d6l31f1qA=="
    }
  }
}
